// !$*UTF8*$!
{
	archiveVersion = 1;
	classes = {
	};
	objectVersion = 56;
	objects = {

/* Begin PBXBuildFile section */
		3607D5BD2CA96F1C000888C1 /* OrderStatusDetailsView.swift in Sources */ = {isa = PBXBuildFile; fileRef = 3607D5BC2CA96F1C000888C1 /* OrderStatusDetailsView.swift */; };
		3607D5BF2CA96F48000888C1 /* OrderStatusRowView.swift in Sources */ = {isa = PBXBuildFile; fileRef = 3607D5BE2CA96F48000888C1 /* OrderStatusRowView.swift */; };
		369AE6372CA7B8D3001FC4E8 /* MenuItem.swift in Sources */ = {isa = PBXBuildFile; fileRef = 369AE6362CA7B8D3001FC4E8 /* MenuItem.swift */; };
		369AE6392CA7B8FE001FC4E8 /* HomeView.swift in Sources */ = {isa = PBXBuildFile; fileRef = 369AE6382CA7B8FE001FC4E8 /* HomeView.swift */; };
		369AE63D2CA7B92B001FC4E8 /* CategoriesView.swift in Sources */ = {isa = PBXBuildFile; fileRef = 369AE63C2CA7B92B001FC4E8 /* CategoriesView.swift */; };
		369AE63F2CA7B9CA001FC4E8 /* AddressAndContactView.swift in Sources */ = {isa = PBXBuildFile; fileRef = 369AE63E2CA7B9CA001FC4E8 /* AddressAndContactView.swift */; };
		369AE6412CA7BA1E001FC4E8 /* SearchView.swift in Sources */ = {isa = PBXBuildFile; fileRef = 369AE6402CA7BA1E001FC4E8 /* SearchView.swift */; };
		369AE6432CA7C722001FC4E8 /* GridItemView.swift in Sources */ = {isa = PBXBuildFile; fileRef = 369AE6422CA7C722001FC4E8 /* GridItemView.swift */; };
		369AE6452CA7C7FD001FC4E8 /* CategoryButtonView.swift in Sources */ = {isa = PBXBuildFile; fileRef = 369AE6442CA7C7FD001FC4E8 /* CategoryButtonView.swift */; };
		369AE6472CA7D315001FC4E8 /* TabBarView.swift in Sources */ = {isa = PBXBuildFile; fileRef = 369AE6462CA7D315001FC4E8 /* TabBarView.swift */; };
		369AE6492CA7E68A001FC4E8 /* TabBarItem.swift in Sources */ = {isa = PBXBuildFile; fileRef = 369AE6482CA7E68A001FC4E8 /* TabBarItem.swift */; };
		369AE64C2CA7F48B001FC4E8 /* FavouriteView.swift in Sources */ = {isa = PBXBuildFile; fileRef = 369AE64B2CA7F48B001FC4E8 /* FavouriteView.swift */; };
		369AE64F2CA7F4D6001FC4E8 /* ListItemView.swift in Sources */ = {isa = PBXBuildFile; fileRef = 369AE64E2CA7F4D6001FC4E8 /* ListItemView.swift */; };
		369AE6512CA7F5D0001FC4E8 /* CartView.swift in Sources */ = {isa = PBXBuildFile; fileRef = 369AE6502CA7F5D0001FC4E8 /* CartView.swift */; };
		369AE6532CA7F5EB001FC4E8 /* ProfileView.swift in Sources */ = {isa = PBXBuildFile; fileRef = 369AE6522CA7F5EB001FC4E8 /* ProfileView.swift */; };
		369AE6552CA81126001FC4E8 /* MapView.swift in Sources */ = {isa = PBXBuildFile; fileRef = 369AE6542CA81126001FC4E8 /* MapView.swift */; };
		B5455AC82CA6622C004FE7D4 /* TheCoffeeShopApp.swift in Sources */ = {isa = PBXBuildFile; fileRef = B5455AC72CA6622C004FE7D4 /* TheCoffeeShopApp.swift */; };
		B5455ACC2CA6622D004FE7D4 /* Assets.xcassets in Resources */ = {isa = PBXBuildFile; fileRef = B5455ACB2CA6622D004FE7D4 /* Assets.xcassets */; };
		B5455ACF2CA6622D004FE7D4 /* Preview Assets.xcassets in Resources */ = {isa = PBXBuildFile; fileRef = B5455ACE2CA6622D004FE7D4 /* Preview Assets.xcassets */; };
		B5455AD92CA6622D004FE7D4 /* TheCoffeeShopTests.swift in Sources */ = {isa = PBXBuildFile; fileRef = B5455AD82CA6622D004FE7D4 /* TheCoffeeShopTests.swift */; };
		B5455AE32CA6622D004FE7D4 /* TheCoffeeShopUITests.swift in Sources */ = {isa = PBXBuildFile; fileRef = B5455AE22CA6622D004FE7D4 /* TheCoffeeShopUITests.swift */; };
		B5455AE52CA6622D004FE7D4 /* TheCoffeeShopUITestsLaunchTests.swift in Sources */ = {isa = PBXBuildFile; fileRef = B5455AE42CA6622D004FE7D4 /* TheCoffeeShopUITestsLaunchTests.swift */; };
		B5455AF62CA66342004FE7D4 /* User.swift in Sources */ = {isa = PBXBuildFile; fileRef = B5455AF52CA66342004FE7D4 /* User.swift */; };
		B5455AF82CA663F6004FE7D4 /* APIService.swift in Sources */ = {isa = PBXBuildFile; fileRef = B5455AF72CA663F6004FE7D4 /* APIService.swift */; };
		B5455AFD2CA6657F004FE7D4 /* Reachability.swift in Sources */ = {isa = PBXBuildFile; fileRef = B5455AFC2CA6657F004FE7D4 /* Reachability.swift */; };
		B5455AFF2CA666AD004FE7D4 /* NetworkServiceDefinitions.swift in Sources */ = {isa = PBXBuildFile; fileRef = B5455AFE2CA666AD004FE7D4 /* NetworkServiceDefinitions.swift */; };
		B5455B022CA66785004FE7D4 /* URLExtension.swift in Sources */ = {isa = PBXBuildFile; fileRef = B5455B012CA66785004FE7D4 /* URLExtension.swift */; };
		B5455B042CA667A5004FE7D4 /* NetworkServiceProtocol.swift in Sources */ = {isa = PBXBuildFile; fileRef = B5455B032CA667A5004FE7D4 /* NetworkServiceProtocol.swift */; };
		B5455B062CA67487004FE7D4 /* NetworkService.swift in Sources */ = {isa = PBXBuildFile; fileRef = B5455B052CA67487004FE7D4 /* NetworkService.swift */; };
		B5455B0A2CA67DA5004FE7D4 /* APIConstants.swift in Sources */ = {isa = PBXBuildFile; fileRef = B5455B092CA67DA5004FE7D4 /* APIConstants.swift */; };
		B5455B0C2CA67E1A004FE7D4 /* LoginView.swift in Sources */ = {isa = PBXBuildFile; fileRef = B5455B0B2CA67E1A004FE7D4 /* LoginView.swift */; };
		B5455B0F2CA67EF2004FE7D4 /* AppFont.swift in Sources */ = {isa = PBXBuildFile; fileRef = B5455B0E2CA67EF2004FE7D4 /* AppFont.swift */; };
		B5455B112CA67FF3004FE7D4 /* AppColor.swift in Sources */ = {isa = PBXBuildFile; fileRef = B5455B102CA67FF3004FE7D4 /* AppColor.swift */; };
/* End PBXBuildFile section */

/* Begin PBXContainerItemProxy section */
		B5455AD52CA6622D004FE7D4 /* PBXContainerItemProxy */ = {
			isa = PBXContainerItemProxy;
			containerPortal = B5455ABC2CA6622B004FE7D4 /* Project object */;
			proxyType = 1;
			remoteGlobalIDString = B5455AC32CA6622C004FE7D4;
			remoteInfo = TheCoffeeShop;
		};
		B5455ADF2CA6622D004FE7D4 /* PBXContainerItemProxy */ = {
			isa = PBXContainerItemProxy;
			containerPortal = B5455ABC2CA6622B004FE7D4 /* Project object */;
			proxyType = 1;
			remoteGlobalIDString = B5455AC32CA6622C004FE7D4;
			remoteInfo = TheCoffeeShop;
		};
/* End PBXContainerItemProxy section */

/* Begin PBXFileReference section */
		3607D5BC2CA96F1C000888C1 /* OrderStatusDetailsView.swift */ = {isa = PBXFileReference; lastKnownFileType = sourcecode.swift; path = OrderStatusDetailsView.swift; sourceTree = "<group>"; };
		3607D5BE2CA96F48000888C1 /* OrderStatusRowView.swift */ = {isa = PBXFileReference; lastKnownFileType = sourcecode.swift; path = OrderStatusRowView.swift; sourceTree = "<group>"; };
		369AE6362CA7B8D3001FC4E8 /* MenuItem.swift */ = {isa = PBXFileReference; lastKnownFileType = sourcecode.swift; path = MenuItem.swift; sourceTree = "<group>"; };
		369AE6382CA7B8FE001FC4E8 /* HomeView.swift */ = {isa = PBXFileReference; lastKnownFileType = sourcecode.swift; path = HomeView.swift; sourceTree = "<group>"; };
		369AE63C2CA7B92B001FC4E8 /* CategoriesView.swift */ = {isa = PBXFileReference; lastKnownFileType = sourcecode.swift; path = CategoriesView.swift; sourceTree = "<group>"; };
		369AE63E2CA7B9CA001FC4E8 /* AddressAndContactView.swift */ = {isa = PBXFileReference; lastKnownFileType = sourcecode.swift; path = AddressAndContactView.swift; sourceTree = "<group>"; };
		369AE6402CA7BA1E001FC4E8 /* SearchView.swift */ = {isa = PBXFileReference; lastKnownFileType = sourcecode.swift; path = SearchView.swift; sourceTree = "<group>"; };
		369AE6422CA7C722001FC4E8 /* GridItemView.swift */ = {isa = PBXFileReference; lastKnownFileType = sourcecode.swift; path = GridItemView.swift; sourceTree = "<group>"; };
		369AE6442CA7C7FD001FC4E8 /* CategoryButtonView.swift */ = {isa = PBXFileReference; lastKnownFileType = sourcecode.swift; path = CategoryButtonView.swift; sourceTree = "<group>"; };
		369AE6462CA7D315001FC4E8 /* TabBarView.swift */ = {isa = PBXFileReference; lastKnownFileType = sourcecode.swift; path = TabBarView.swift; sourceTree = "<group>"; };
		369AE6482CA7E68A001FC4E8 /* TabBarItem.swift */ = {isa = PBXFileReference; lastKnownFileType = sourcecode.swift; path = TabBarItem.swift; sourceTree = "<group>"; };
		369AE64B2CA7F48B001FC4E8 /* FavouriteView.swift */ = {isa = PBXFileReference; lastKnownFileType = sourcecode.swift; path = FavouriteView.swift; sourceTree = "<group>"; };
		369AE64E2CA7F4D6001FC4E8 /* ListItemView.swift */ = {isa = PBXFileReference; lastKnownFileType = sourcecode.swift; path = ListItemView.swift; sourceTree = "<group>"; };
		369AE6502CA7F5D0001FC4E8 /* CartView.swift */ = {isa = PBXFileReference; lastKnownFileType = sourcecode.swift; path = CartView.swift; sourceTree = "<group>"; };
		369AE6522CA7F5EB001FC4E8 /* ProfileView.swift */ = {isa = PBXFileReference; lastKnownFileType = sourcecode.swift; path = ProfileView.swift; sourceTree = "<group>"; };
		369AE6542CA81126001FC4E8 /* MapView.swift */ = {isa = PBXFileReference; lastKnownFileType = sourcecode.swift; path = MapView.swift; sourceTree = "<group>"; };
		B5455AC42CA6622C004FE7D4 /* TheCoffeeShop.app */ = {isa = PBXFileReference; explicitFileType = wrapper.application; includeInIndex = 0; path = TheCoffeeShop.app; sourceTree = BUILT_PRODUCTS_DIR; };
		B5455AC72CA6622C004FE7D4 /* TheCoffeeShopApp.swift */ = {isa = PBXFileReference; lastKnownFileType = sourcecode.swift; path = TheCoffeeShopApp.swift; sourceTree = "<group>"; };
		B5455ACB2CA6622D004FE7D4 /* Assets.xcassets */ = {isa = PBXFileReference; lastKnownFileType = folder.assetcatalog; path = Assets.xcassets; sourceTree = "<group>"; };
		B5455ACE2CA6622D004FE7D4 /* Preview Assets.xcassets */ = {isa = PBXFileReference; lastKnownFileType = folder.assetcatalog; path = "Preview Assets.xcassets"; sourceTree = "<group>"; };
		B5455AD42CA6622D004FE7D4 /* TheCoffeeShopTests.xctest */ = {isa = PBXFileReference; explicitFileType = wrapper.cfbundle; includeInIndex = 0; path = TheCoffeeShopTests.xctest; sourceTree = BUILT_PRODUCTS_DIR; };
		B5455AD82CA6622D004FE7D4 /* TheCoffeeShopTests.swift */ = {isa = PBXFileReference; lastKnownFileType = sourcecode.swift; path = TheCoffeeShopTests.swift; sourceTree = "<group>"; };
		B5455ADE2CA6622D004FE7D4 /* TheCoffeeShopUITests.xctest */ = {isa = PBXFileReference; explicitFileType = wrapper.cfbundle; includeInIndex = 0; path = TheCoffeeShopUITests.xctest; sourceTree = BUILT_PRODUCTS_DIR; };
		B5455AE22CA6622D004FE7D4 /* TheCoffeeShopUITests.swift */ = {isa = PBXFileReference; lastKnownFileType = sourcecode.swift; path = TheCoffeeShopUITests.swift; sourceTree = "<group>"; };
		B5455AE42CA6622D004FE7D4 /* TheCoffeeShopUITestsLaunchTests.swift */ = {isa = PBXFileReference; lastKnownFileType = sourcecode.swift; path = TheCoffeeShopUITestsLaunchTests.swift; sourceTree = "<group>"; };
		B5455AF52CA66342004FE7D4 /* User.swift */ = {isa = PBXFileReference; lastKnownFileType = sourcecode.swift; path = User.swift; sourceTree = "<group>"; };
		B5455AF72CA663F6004FE7D4 /* APIService.swift */ = {isa = PBXFileReference; lastKnownFileType = sourcecode.swift; path = APIService.swift; sourceTree = "<group>"; };
		B5455AFC2CA6657F004FE7D4 /* Reachability.swift */ = {isa = PBXFileReference; lastKnownFileType = sourcecode.swift; path = Reachability.swift; sourceTree = "<group>"; };
		B5455AFE2CA666AD004FE7D4 /* NetworkServiceDefinitions.swift */ = {isa = PBXFileReference; lastKnownFileType = sourcecode.swift; path = NetworkServiceDefinitions.swift; sourceTree = "<group>"; };
		B5455B012CA66785004FE7D4 /* URLExtension.swift */ = {isa = PBXFileReference; lastKnownFileType = sourcecode.swift; path = URLExtension.swift; sourceTree = "<group>"; };
		B5455B032CA667A5004FE7D4 /* NetworkServiceProtocol.swift */ = {isa = PBXFileReference; lastKnownFileType = sourcecode.swift; path = NetworkServiceProtocol.swift; sourceTree = "<group>"; };
		B5455B052CA67487004FE7D4 /* NetworkService.swift */ = {isa = PBXFileReference; lastKnownFileType = sourcecode.swift; path = NetworkService.swift; sourceTree = "<group>"; };
		B5455B092CA67DA5004FE7D4 /* APIConstants.swift */ = {isa = PBXFileReference; lastKnownFileType = sourcecode.swift; path = APIConstants.swift; sourceTree = "<group>"; };
		B5455B0B2CA67E1A004FE7D4 /* LoginView.swift */ = {isa = PBXFileReference; lastKnownFileType = sourcecode.swift; path = LoginView.swift; sourceTree = "<group>"; };
		B5455B0E2CA67EF2004FE7D4 /* AppFont.swift */ = {isa = PBXFileReference; lastKnownFileType = sourcecode.swift; path = AppFont.swift; sourceTree = "<group>"; };
		B5455B102CA67FF3004FE7D4 /* AppColor.swift */ = {isa = PBXFileReference; lastKnownFileType = sourcecode.swift; path = AppColor.swift; sourceTree = "<group>"; };
/* End PBXFileReference section */

/* Begin PBXFrameworksBuildPhase section */
		B5455AC12CA6622C004FE7D4 /* Frameworks */ = {
			isa = PBXFrameworksBuildPhase;
			buildActionMask = 2147483647;
			files = (
			);
			runOnlyForDeploymentPostprocessing = 0;
		};
		B5455AD12CA6622D004FE7D4 /* Frameworks */ = {
			isa = PBXFrameworksBuildPhase;
			buildActionMask = 2147483647;
			files = (
			);
			runOnlyForDeploymentPostprocessing = 0;
		};
		B5455ADB2CA6622D004FE7D4 /* Frameworks */ = {
			isa = PBXFrameworksBuildPhase;
			buildActionMask = 2147483647;
			files = (
			);
			runOnlyForDeploymentPostprocessing = 0;
		};
/* End PBXFrameworksBuildPhase section */

/* Begin PBXGroup section */
		3607D5C02CA96F4B000888C1 /* OrderStatusView */ = {
			isa = PBXGroup;
			children = (
				3607D5BC2CA96F1C000888C1 /* OrderStatusDetailsView.swift */,
				3607D5BE2CA96F48000888C1 /* OrderStatusRowView.swift */,
			);
			path = OrderStatusView;
			sourceTree = "<group>";
		};
		369AE64A2CA7E6C2001FC4E8 /* TabBar */ = {
			isa = PBXGroup;
			children = (
				369AE6462CA7D315001FC4E8 /* TabBarView.swift */,
				369AE6482CA7E68A001FC4E8 /* TabBarItem.swift */,
			);
			path = TabBar;
			sourceTree = "<group>";
		};
		369AE64D2CA7F498001FC4E8 /* MenuItemView */ = {
			isa = PBXGroup;
			children = (
				369AE6422CA7C722001FC4E8 /* GridItemView.swift */,
				369AE64E2CA7F4D6001FC4E8 /* ListItemView.swift */,
			);
			path = MenuItemView;
			sourceTree = "<group>";
		};
		B5455ABB2CA6622B004FE7D4 = {
			isa = PBXGroup;
			children = (
				B5455AC62CA6622C004FE7D4 /* TheCoffeeShop */,
				B5455AD72CA6622D004FE7D4 /* TheCoffeeShopTests */,
				B5455AE12CA6622D004FE7D4 /* TheCoffeeShopUITests */,
				B5455AC52CA6622C004FE7D4 /* Products */,
			);
			sourceTree = "<group>";
		};
		B5455AC52CA6622C004FE7D4 /* Products */ = {
			isa = PBXGroup;
			children = (
				B5455AC42CA6622C004FE7D4 /* TheCoffeeShop.app */,
				B5455AD42CA6622D004FE7D4 /* TheCoffeeShopTests.xctest */,
				B5455ADE2CA6622D004FE7D4 /* TheCoffeeShopUITests.xctest */,
			);
			name = Products;
			sourceTree = "<group>";
		};
		B5455AC62CA6622C004FE7D4 /* TheCoffeeShop */ = {
			isa = PBXGroup;
			children = (
				B5455B0D2CA67EEA004FE7D4 /* Commons */,
				B5455B002CA66778004FE7D4 /* Extensions */,
				B5455AF32CA662E3004FE7D4 /* Services */,
				B5455AF12CA662D8004FE7D4 /* Models */,
				B5455AF22CA662DD004FE7D4 /* ViewModels */,
				B5455AF42CA662EB004FE7D4 /* Views */,
				B5455AC72CA6622C004FE7D4 /* TheCoffeeShopApp.swift */,
				B5455ACB2CA6622D004FE7D4 /* Assets.xcassets */,
				B5455ACD2CA6622D004FE7D4 /* Preview Content */,
			);
			path = TheCoffeeShop;
			sourceTree = "<group>";
		};
		B5455ACD2CA6622D004FE7D4 /* Preview Content */ = {
			isa = PBXGroup;
			children = (
				B5455ACE2CA6622D004FE7D4 /* Preview Assets.xcassets */,
			);
			path = "Preview Content";
			sourceTree = "<group>";
		};
		B5455AD72CA6622D004FE7D4 /* TheCoffeeShopTests */ = {
			isa = PBXGroup;
			children = (
				B5455AD82CA6622D004FE7D4 /* TheCoffeeShopTests.swift */,
			);
			path = TheCoffeeShopTests;
			sourceTree = "<group>";
		};
		B5455AE12CA6622D004FE7D4 /* TheCoffeeShopUITests */ = {
			isa = PBXGroup;
			children = (
				B5455AE22CA6622D004FE7D4 /* TheCoffeeShopUITests.swift */,
				B5455AE42CA6622D004FE7D4 /* TheCoffeeShopUITestsLaunchTests.swift */,
			);
			path = TheCoffeeShopUITests;
			sourceTree = "<group>";
		};
		B5455AF12CA662D8004FE7D4 /* Models */ = {
			isa = PBXGroup;
			children = (
				B5455AF52CA66342004FE7D4 /* User.swift */,
				369AE6362CA7B8D3001FC4E8 /* MenuItem.swift */,
			);
			path = Models;
			sourceTree = "<group>";
		};
		B5455AF22CA662DD004FE7D4 /* ViewModels */ = {
			isa = PBXGroup;
			children = (
			);
			path = ViewModels;
			sourceTree = "<group>";
		};
		B5455AF32CA662E3004FE7D4 /* Services */ = {
			isa = PBXGroup;
			children = (
				B5455AFB2CA66573004FE7D4 /* Network */,
				B5455AF72CA663F6004FE7D4 /* APIService.swift */,
				B5455B092CA67DA5004FE7D4 /* APIConstants.swift */,
			);
			path = Services;
			sourceTree = "<group>";
		};
		B5455AF42CA662EB004FE7D4 /* Views */ = {
			isa = PBXGroup;
			children = (
				3607D5C02CA96F4B000888C1 /* OrderStatusView */,
				369AE64D2CA7F498001FC4E8 /* MenuItemView */,
				369AE64A2CA7E6C2001FC4E8 /* TabBar */,
				B5455B0B2CA67E1A004FE7D4 /* LoginView.swift */,
				369AE6382CA7B8FE001FC4E8 /* HomeView.swift */,
				369AE63C2CA7B92B001FC4E8 /* CategoriesView.swift */,
				369AE63E2CA7B9CA001FC4E8 /* AddressAndContactView.swift */,
				369AE6402CA7BA1E001FC4E8 /* SearchView.swift */,
				369AE6442CA7C7FD001FC4E8 /* CategoryButtonView.swift */,
				369AE64B2CA7F48B001FC4E8 /* FavouriteView.swift */,
				369AE6502CA7F5D0001FC4E8 /* CartView.swift */,
				369AE6522CA7F5EB001FC4E8 /* ProfileView.swift */,
				369AE6542CA81126001FC4E8 /* MapView.swift */,
			);
			path = Views;
			sourceTree = "<group>";
		};
		B5455AFB2CA66573004FE7D4 /* Network */ = {
			isa = PBXGroup;
			children = (
				B5455AFC2CA6657F004FE7D4 /* Reachability.swift */,
				B5455AFE2CA666AD004FE7D4 /* NetworkServiceDefinitions.swift */,
				B5455B032CA667A5004FE7D4 /* NetworkServiceProtocol.swift */,
				B5455B052CA67487004FE7D4 /* NetworkService.swift */,
			);
			path = Network;
			sourceTree = "<group>";
		};
		B5455B002CA66778004FE7D4 /* Extensions */ = {
			isa = PBXGroup;
			children = (
				B5455B012CA66785004FE7D4 /* URLExtension.swift */,
			);
			path = Extensions;
			sourceTree = "<group>";
		};
		B5455B0D2CA67EEA004FE7D4 /* Commons */ = {
			isa = PBXGroup;
			children = (
				B5455B0E2CA67EF2004FE7D4 /* AppFont.swift */,
				B5455B102CA67FF3004FE7D4 /* AppColor.swift */,
			);
			path = Commons;
			sourceTree = "<group>";
		};
/* End PBXGroup section */

/* Begin PBXNativeTarget section */
		B5455AC32CA6622C004FE7D4 /* TheCoffeeShop */ = {
			isa = PBXNativeTarget;
			buildConfigurationList = B5455AE82CA6622D004FE7D4 /* Build configuration list for PBXNativeTarget "TheCoffeeShop" */;
			buildPhases = (
				B5455AC02CA6622C004FE7D4 /* Sources */,
				B5455AC12CA6622C004FE7D4 /* Frameworks */,
				B5455AC22CA6622C004FE7D4 /* Resources */,
			);
			buildRules = (
			);
			dependencies = (
			);
			name = TheCoffeeShop;
			productName = TheCoffeeShop;
			productReference = B5455AC42CA6622C004FE7D4 /* TheCoffeeShop.app */;
			productType = "com.apple.product-type.application";
		};
		B5455AD32CA6622D004FE7D4 /* TheCoffeeShopTests */ = {
			isa = PBXNativeTarget;
			buildConfigurationList = B5455AEB2CA6622D004FE7D4 /* Build configuration list for PBXNativeTarget "TheCoffeeShopTests" */;
			buildPhases = (
				B5455AD02CA6622D004FE7D4 /* Sources */,
				B5455AD12CA6622D004FE7D4 /* Frameworks */,
				B5455AD22CA6622D004FE7D4 /* Resources */,
			);
			buildRules = (
			);
			dependencies = (
				B5455AD62CA6622D004FE7D4 /* PBXTargetDependency */,
			);
			name = TheCoffeeShopTests;
			productName = TheCoffeeShopTests;
			productReference = B5455AD42CA6622D004FE7D4 /* TheCoffeeShopTests.xctest */;
			productType = "com.apple.product-type.bundle.unit-test";
		};
		B5455ADD2CA6622D004FE7D4 /* TheCoffeeShopUITests */ = {
			isa = PBXNativeTarget;
			buildConfigurationList = B5455AEE2CA6622D004FE7D4 /* Build configuration list for PBXNativeTarget "TheCoffeeShopUITests" */;
			buildPhases = (
				B5455ADA2CA6622D004FE7D4 /* Sources */,
				B5455ADB2CA6622D004FE7D4 /* Frameworks */,
				B5455ADC2CA6622D004FE7D4 /* Resources */,
			);
			buildRules = (
			);
			dependencies = (
				B5455AE02CA6622D004FE7D4 /* PBXTargetDependency */,
			);
			name = TheCoffeeShopUITests;
			productName = TheCoffeeShopUITests;
			productReference = B5455ADE2CA6622D004FE7D4 /* TheCoffeeShopUITests.xctest */;
			productType = "com.apple.product-type.bundle.ui-testing";
		};
/* End PBXNativeTarget section */

/* Begin PBXProject section */
		B5455ABC2CA6622B004FE7D4 /* Project object */ = {
			isa = PBXProject;
			attributes = {
				BuildIndependentTargetsInParallel = 1;
				LastSwiftUpdateCheck = 1510;
				LastUpgradeCheck = 1510;
				ORGANIZATIONNAME = "";
				TargetAttributes = {
					B5455AC32CA6622C004FE7D4 = {
						CreatedOnToolsVersion = 15.1;
					};
					B5455AD32CA6622D004FE7D4 = {
						CreatedOnToolsVersion = 15.1;
						TestTargetID = B5455AC32CA6622C004FE7D4;
					};
					B5455ADD2CA6622D004FE7D4 = {
						CreatedOnToolsVersion = 15.1;
						TestTargetID = B5455AC32CA6622C004FE7D4;
					};
				};
			};
			buildConfigurationList = B5455ABF2CA6622B004FE7D4 /* Build configuration list for PBXProject "TheCoffeeShop" */;
			compatibilityVersion = "Xcode 14.0";
			developmentRegion = en;
			hasScannedForEncodings = 0;
			knownRegions = (
				en,
				Base,
			);
			mainGroup = B5455ABB2CA6622B004FE7D4;
			productRefGroup = B5455AC52CA6622C004FE7D4 /* Products */;
			projectDirPath = "";
			projectRoot = "";
			targets = (
				B5455AC32CA6622C004FE7D4 /* TheCoffeeShop */,
				B5455AD32CA6622D004FE7D4 /* TheCoffeeShopTests */,
				B5455ADD2CA6622D004FE7D4 /* TheCoffeeShopUITests */,
			);
		};
/* End PBXProject section */

/* Begin PBXResourcesBuildPhase section */
		B5455AC22CA6622C004FE7D4 /* Resources */ = {
			isa = PBXResourcesBuildPhase;
			buildActionMask = 2147483647;
			files = (
				B5455ACF2CA6622D004FE7D4 /* Preview Assets.xcassets in Resources */,
				B5455ACC2CA6622D004FE7D4 /* Assets.xcassets in Resources */,
			);
			runOnlyForDeploymentPostprocessing = 0;
		};
		B5455AD22CA6622D004FE7D4 /* Resources */ = {
			isa = PBXResourcesBuildPhase;
			buildActionMask = 2147483647;
			files = (
			);
			runOnlyForDeploymentPostprocessing = 0;
		};
		B5455ADC2CA6622D004FE7D4 /* Resources */ = {
			isa = PBXResourcesBuildPhase;
			buildActionMask = 2147483647;
			files = (
			);
			runOnlyForDeploymentPostprocessing = 0;
		};
/* End PBXResourcesBuildPhase section */

/* Begin PBXSourcesBuildPhase section */
		B5455AC02CA6622C004FE7D4 /* Sources */ = {
			isa = PBXSourcesBuildPhase;
			buildActionMask = 2147483647;
			files = (
				369AE63D2CA7B92B001FC4E8 /* CategoriesView.swift in Sources */,
				B5455B042CA667A5004FE7D4 /* NetworkServiceProtocol.swift in Sources */,
				369AE64F2CA7F4D6001FC4E8 /* ListItemView.swift in Sources */,
				B5455B062CA67487004FE7D4 /* NetworkService.swift in Sources */,
				369AE6452CA7C7FD001FC4E8 /* CategoryButtonView.swift in Sources */,
				3607D5BD2CA96F1C000888C1 /* OrderStatusDetailsView.swift in Sources */,
				369AE63F2CA7B9CA001FC4E8 /* AddressAndContactView.swift in Sources */,
				369AE6512CA7F5D0001FC4E8 /* CartView.swift in Sources */,
				369AE6532CA7F5EB001FC4E8 /* ProfileView.swift in Sources */,
				369AE6392CA7B8FE001FC4E8 /* HomeView.swift in Sources */,
				B5455B022CA66785004FE7D4 /* URLExtension.swift in Sources */,
				B5455AFF2CA666AD004FE7D4 /* NetworkServiceDefinitions.swift in Sources */,
				B5455B112CA67FF3004FE7D4 /* AppColor.swift in Sources */,
				B5455AFD2CA6657F004FE7D4 /* Reachability.swift in Sources */,
				3607D5BF2CA96F48000888C1 /* OrderStatusRowView.swift in Sources */,
				369AE6492CA7E68A001FC4E8 /* TabBarItem.swift in Sources */,
				369AE6412CA7BA1E001FC4E8 /* SearchView.swift in Sources */,
				369AE6372CA7B8D3001FC4E8 /* MenuItem.swift in Sources */,
				B5455B0A2CA67DA5004FE7D4 /* APIConstants.swift in Sources */,
				369AE6552CA81126001FC4E8 /* MapView.swift in Sources */,
				B5455AC82CA6622C004FE7D4 /* TheCoffeeShopApp.swift in Sources */,
				369AE6472CA7D315001FC4E8 /* TabBarView.swift in Sources */,
				B5455B0F2CA67EF2004FE7D4 /* AppFont.swift in Sources */,
				B5455B0C2CA67E1A004FE7D4 /* LoginView.swift in Sources */,
				369AE64C2CA7F48B001FC4E8 /* FavouriteView.swift in Sources */,
				B5455AF82CA663F6004FE7D4 /* APIService.swift in Sources */,
				369AE6432CA7C722001FC4E8 /* GridItemView.swift in Sources */,
				B5455AF62CA66342004FE7D4 /* User.swift in Sources */,
			);
			runOnlyForDeploymentPostprocessing = 0;
		};
		B5455AD02CA6622D004FE7D4 /* Sources */ = {
			isa = PBXSourcesBuildPhase;
			buildActionMask = 2147483647;
			files = (
				B5455AD92CA6622D004FE7D4 /* TheCoffeeShopTests.swift in Sources */,
			);
			runOnlyForDeploymentPostprocessing = 0;
		};
		B5455ADA2CA6622D004FE7D4 /* Sources */ = {
			isa = PBXSourcesBuildPhase;
			buildActionMask = 2147483647;
			files = (
				B5455AE52CA6622D004FE7D4 /* TheCoffeeShopUITestsLaunchTests.swift in Sources */,
				B5455AE32CA6622D004FE7D4 /* TheCoffeeShopUITests.swift in Sources */,
			);
			runOnlyForDeploymentPostprocessing = 0;
		};
/* End PBXSourcesBuildPhase section */

/* Begin PBXTargetDependency section */
		B5455AD62CA6622D004FE7D4 /* PBXTargetDependency */ = {
			isa = PBXTargetDependency;
			target = B5455AC32CA6622C004FE7D4 /* TheCoffeeShop */;
			targetProxy = B5455AD52CA6622D004FE7D4 /* PBXContainerItemProxy */;
		};
		B5455AE02CA6622D004FE7D4 /* PBXTargetDependency */ = {
			isa = PBXTargetDependency;
			target = B5455AC32CA6622C004FE7D4 /* TheCoffeeShop */;
			targetProxy = B5455ADF2CA6622D004FE7D4 /* PBXContainerItemProxy */;
		};
/* End PBXTargetDependency section */

/* Begin XCBuildConfiguration section */
		B5455AE62CA6622D004FE7D4 /* Debug */ = {
			isa = XCBuildConfiguration;
			buildSettings = {
				ALWAYS_SEARCH_USER_PATHS = NO;
				ASSETCATALOG_COMPILER_GENERATE_SWIFT_ASSET_SYMBOL_EXTENSIONS = YES;
				CLANG_ANALYZER_NONNULL = YES;
				CLANG_ANALYZER_NUMBER_OBJECT_CONVERSION = YES_AGGRESSIVE;
				CLANG_CXX_LANGUAGE_STANDARD = "gnu++20";
				CLANG_ENABLE_MODULES = YES;
				CLANG_ENABLE_OBJC_ARC = YES;
				CLANG_ENABLE_OBJC_WEAK = YES;
				CLANG_WARN_BLOCK_CAPTURE_AUTORELEASING = YES;
				CLANG_WARN_BOOL_CONVERSION = YES;
				CLANG_WARN_COMMA = YES;
				CLANG_WARN_CONSTANT_CONVERSION = YES;
				CLANG_WARN_DEPRECATED_OBJC_IMPLEMENTATIONS = YES;
				CLANG_WARN_DIRECT_OBJC_ISA_USAGE = YES_ERROR;
				CLANG_WARN_DOCUMENTATION_COMMENTS = YES;
				CLANG_WARN_EMPTY_BODY = YES;
				CLANG_WARN_ENUM_CONVERSION = YES;
				CLANG_WARN_INFINITE_RECURSION = YES;
				CLANG_WARN_INT_CONVERSION = YES;
				CLANG_WARN_NON_LITERAL_NULL_CONVERSION = YES;
				CLANG_WARN_OBJC_IMPLICIT_RETAIN_SELF = YES;
				CLANG_WARN_OBJC_LITERAL_CONVERSION = YES;
				CLANG_WARN_OBJC_ROOT_CLASS = YES_ERROR;
				CLANG_WARN_QUOTED_INCLUDE_IN_FRAMEWORK_HEADER = YES;
				CLANG_WARN_RANGE_LOOP_ANALYSIS = YES;
				CLANG_WARN_STRICT_PROTOTYPES = YES;
				CLANG_WARN_SUSPICIOUS_MOVE = YES;
				CLANG_WARN_UNGUARDED_AVAILABILITY = YES_AGGRESSIVE;
				CLANG_WARN_UNREACHABLE_CODE = YES;
				CLANG_WARN__DUPLICATE_METHOD_MATCH = YES;
				COPY_PHASE_STRIP = NO;
				DEBUG_INFORMATION_FORMAT = dwarf;
				ENABLE_STRICT_OBJC_MSGSEND = YES;
				ENABLE_TESTABILITY = YES;
				ENABLE_USER_SCRIPT_SANDBOXING = YES;
				GCC_C_LANGUAGE_STANDARD = gnu17;
				GCC_DYNAMIC_NO_PIC = NO;
				GCC_NO_COMMON_BLOCKS = YES;
				GCC_OPTIMIZATION_LEVEL = 0;
				GCC_PREPROCESSOR_DEFINITIONS = (
					"DEBUG=1",
					"$(inherited)",
				);
				GCC_WARN_64_TO_32_BIT_CONVERSION = YES;
				GCC_WARN_ABOUT_RETURN_TYPE = YES_ERROR;
				GCC_WARN_UNDECLARED_SELECTOR = YES;
				GCC_WARN_UNINITIALIZED_AUTOS = YES_AGGRESSIVE;
				GCC_WARN_UNUSED_FUNCTION = YES;
				GCC_WARN_UNUSED_VARIABLE = YES;
				IPHONEOS_DEPLOYMENT_TARGET = 15.0;
				LOCALIZATION_PREFERS_STRING_CATALOGS = YES;
				MTL_ENABLE_DEBUG_INFO = INCLUDE_SOURCE;
				MTL_FAST_MATH = YES;
				ONLY_ACTIVE_ARCH = YES;
				SDKROOT = iphoneos;
				SWIFT_ACTIVE_COMPILATION_CONDITIONS = "DEBUG $(inherited)";
				SWIFT_OPTIMIZATION_LEVEL = "-Onone";
			};
			name = Debug;
		};
		B5455AE72CA6622D004FE7D4 /* Release */ = {
			isa = XCBuildConfiguration;
			buildSettings = {
				ALWAYS_SEARCH_USER_PATHS = NO;
				ASSETCATALOG_COMPILER_GENERATE_SWIFT_ASSET_SYMBOL_EXTENSIONS = YES;
				CLANG_ANALYZER_NONNULL = YES;
				CLANG_ANALYZER_NUMBER_OBJECT_CONVERSION = YES_AGGRESSIVE;
				CLANG_CXX_LANGUAGE_STANDARD = "gnu++20";
				CLANG_ENABLE_MODULES = YES;
				CLANG_ENABLE_OBJC_ARC = YES;
				CLANG_ENABLE_OBJC_WEAK = YES;
				CLANG_WARN_BLOCK_CAPTURE_AUTORELEASING = YES;
				CLANG_WARN_BOOL_CONVERSION = YES;
				CLANG_WARN_COMMA = YES;
				CLANG_WARN_CONSTANT_CONVERSION = YES;
				CLANG_WARN_DEPRECATED_OBJC_IMPLEMENTATIONS = YES;
				CLANG_WARN_DIRECT_OBJC_ISA_USAGE = YES_ERROR;
				CLANG_WARN_DOCUMENTATION_COMMENTS = YES;
				CLANG_WARN_EMPTY_BODY = YES;
				CLANG_WARN_ENUM_CONVERSION = YES;
				CLANG_WARN_INFINITE_RECURSION = YES;
				CLANG_WARN_INT_CONVERSION = YES;
				CLANG_WARN_NON_LITERAL_NULL_CONVERSION = YES;
				CLANG_WARN_OBJC_IMPLICIT_RETAIN_SELF = YES;
				CLANG_WARN_OBJC_LITERAL_CONVERSION = YES;
				CLANG_WARN_OBJC_ROOT_CLASS = YES_ERROR;
				CLANG_WARN_QUOTED_INCLUDE_IN_FRAMEWORK_HEADER = YES;
				CLANG_WARN_RANGE_LOOP_ANALYSIS = YES;
				CLANG_WARN_STRICT_PROTOTYPES = YES;
				CLANG_WARN_SUSPICIOUS_MOVE = YES;
				CLANG_WARN_UNGUARDED_AVAILABILITY = YES_AGGRESSIVE;
				CLANG_WARN_UNREACHABLE_CODE = YES;
				CLANG_WARN__DUPLICATE_METHOD_MATCH = YES;
				COPY_PHASE_STRIP = NO;
				DEBUG_INFORMATION_FORMAT = "dwarf-with-dsym";
				ENABLE_NS_ASSERTIONS = NO;
				ENABLE_STRICT_OBJC_MSGSEND = YES;
				ENABLE_USER_SCRIPT_SANDBOXING = YES;
				GCC_C_LANGUAGE_STANDARD = gnu17;
				GCC_NO_COMMON_BLOCKS = YES;
				GCC_WARN_64_TO_32_BIT_CONVERSION = YES;
				GCC_WARN_ABOUT_RETURN_TYPE = YES_ERROR;
				GCC_WARN_UNDECLARED_SELECTOR = YES;
				GCC_WARN_UNINITIALIZED_AUTOS = YES_AGGRESSIVE;
				GCC_WARN_UNUSED_FUNCTION = YES;
				GCC_WARN_UNUSED_VARIABLE = YES;
				IPHONEOS_DEPLOYMENT_TARGET = 15.0;
				LOCALIZATION_PREFERS_STRING_CATALOGS = YES;
				MTL_ENABLE_DEBUG_INFO = NO;
				MTL_FAST_MATH = YES;
				SDKROOT = iphoneos;
				SWIFT_COMPILATION_MODE = wholemodule;
				VALIDATE_PRODUCT = YES;
			};
			name = Release;
		};
		B5455AE92CA6622D004FE7D4 /* Debug */ = {
			isa = XCBuildConfiguration;
			buildSettings = {
				ASSETCATALOG_COMPILER_APPICON_NAME = AppIcon;
				ASSETCATALOG_COMPILER_GLOBAL_ACCENT_COLOR_NAME = AccentColor;
				CODE_SIGN_STYLE = Automatic;
				CURRENT_PROJECT_VERSION = 1;
				DEVELOPMENT_ASSET_PATHS = "\"TheCoffeeShop/Preview Content\"";
				DEVELOPMENT_TEAM = 6GYX57JYFS;
				ENABLE_PREVIEWS = YES;
				GENERATE_INFOPLIST_FILE = YES;
				INFOPLIST_KEY_NSLocationWhenInUseUsageDescription = "We need your location to locate nearest restaurant";
				INFOPLIST_KEY_UIApplicationSceneManifest_Generation = YES;
				INFOPLIST_KEY_UIApplicationSupportsIndirectInputEvents = YES;
				INFOPLIST_KEY_UILaunchScreen_Generation = YES;
				INFOPLIST_KEY_UISupportedInterfaceOrientations_iPad = "UIInterfaceOrientationPortrait UIInterfaceOrientationPortraitUpsideDown UIInterfaceOrientationLandscapeLeft UIInterfaceOrientationLandscapeRight";
				INFOPLIST_KEY_UISupportedInterfaceOrientations_iPhone = "UIInterfaceOrientationPortrait UIInterfaceOrientationLandscapeLeft UIInterfaceOrientationLandscapeRight";
				INFOPLIST_KEY_UIUserInterfaceStyle = Light;
				IPHONEOS_DEPLOYMENT_TARGET = 17.0;
				LD_RUNPATH_SEARCH_PATHS = (
					"$(inherited)",
					"@executable_path/Frameworks",
				);
				MARKETING_VERSION = 1.0;
				PRODUCT_BUNDLE_IDENTIFIER = com.bachng.dev.TheCoffeeShop;
				PRODUCT_NAME = "$(TARGET_NAME)";
				SWIFT_EMIT_LOC_STRINGS = YES;
				SWIFT_VERSION = 5.0;
				TARGETED_DEVICE_FAMILY = "1,2";
			};
			name = Debug;
		};
		B5455AEA2CA6622D004FE7D4 /* Release */ = {
			isa = XCBuildConfiguration;
			buildSettings = {
				ASSETCATALOG_COMPILER_APPICON_NAME = AppIcon;
				ASSETCATALOG_COMPILER_GLOBAL_ACCENT_COLOR_NAME = AccentColor;
				CODE_SIGN_STYLE = Automatic;
				CURRENT_PROJECT_VERSION = 1;
				DEVELOPMENT_ASSET_PATHS = "\"TheCoffeeShop/Preview Content\"";
				DEVELOPMENT_TEAM = 6GYX57JYFS;
				ENABLE_PREVIEWS = YES;
				GENERATE_INFOPLIST_FILE = YES;
				INFOPLIST_KEY_NSLocationWhenInUseUsageDescription = "We need your location to locate nearest restaurant";
				INFOPLIST_KEY_UIApplicationSceneManifest_Generation = YES;
				INFOPLIST_KEY_UIApplicationSupportsIndirectInputEvents = YES;
				INFOPLIST_KEY_UILaunchScreen_Generation = YES;
				INFOPLIST_KEY_UISupportedInterfaceOrientations_iPad = "UIInterfaceOrientationPortrait UIInterfaceOrientationPortraitUpsideDown UIInterfaceOrientationLandscapeLeft UIInterfaceOrientationLandscapeRight";
				INFOPLIST_KEY_UISupportedInterfaceOrientations_iPhone = "UIInterfaceOrientationPortrait UIInterfaceOrientationLandscapeLeft UIInterfaceOrientationLandscapeRight";
				INFOPLIST_KEY_UIUserInterfaceStyle = Light;
				IPHONEOS_DEPLOYMENT_TARGET = 17.0;
				LD_RUNPATH_SEARCH_PATHS = (
					"$(inherited)",
					"@executable_path/Frameworks",
				);
				MARKETING_VERSION = 1.0;
				PRODUCT_BUNDLE_IDENTIFIER = com.bachng.dev.TheCoffeeShop;
				PRODUCT_NAME = "$(TARGET_NAME)";
				SWIFT_EMIT_LOC_STRINGS = YES;
				SWIFT_VERSION = 5.0;
				TARGETED_DEVICE_FAMILY = "1,2";
			};
			name = Release;
		};
		B5455AEC2CA6622D004FE7D4 /* Debug */ = {
			isa = XCBuildConfiguration;
			buildSettings = {
				ALWAYS_EMBED_SWIFT_STANDARD_LIBRARIES = YES;
				BUNDLE_LOADER = "$(TEST_HOST)";
				CODE_SIGN_STYLE = Automatic;
				CURRENT_PROJECT_VERSION = 1;
				DEVELOPMENT_TEAM = QLN3ZX6RKM;
				GENERATE_INFOPLIST_FILE = YES;
				IPHONEOS_DEPLOYMENT_TARGET = 17.2;
				MARKETING_VERSION = 1.0;
				PRODUCT_BUNDLE_IDENTIFIER = com.bachng.TheCoffeeShopTests;
				PRODUCT_NAME = "$(TARGET_NAME)";
				SWIFT_EMIT_LOC_STRINGS = NO;
				SWIFT_VERSION = 5.0;
				TARGETED_DEVICE_FAMILY = "1,2";
				TEST_HOST = "$(BUILT_PRODUCTS_DIR)/TheCoffeeShop.app/$(BUNDLE_EXECUTABLE_FOLDER_PATH)/TheCoffeeShop";
			};
			name = Debug;
		};
		B5455AED2CA6622D004FE7D4 /* Release */ = {
			isa = XCBuildConfiguration;
			buildSettings = {
				ALWAYS_EMBED_SWIFT_STANDARD_LIBRARIES = YES;
				BUNDLE_LOADER = "$(TEST_HOST)";
				CODE_SIGN_STYLE = Automatic;
				CURRENT_PROJECT_VERSION = 1;
				DEVELOPMENT_TEAM = QLN3ZX6RKM;
				GENERATE_INFOPLIST_FILE = YES;
				IPHONEOS_DEPLOYMENT_TARGET = 17.2;
				MARKETING_VERSION = 1.0;
				PRODUCT_BUNDLE_IDENTIFIER = com.bachng.TheCoffeeShopTests;
				PRODUCT_NAME = "$(TARGET_NAME)";
				SWIFT_EMIT_LOC_STRINGS = NO;
				SWIFT_VERSION = 5.0;
				TARGETED_DEVICE_FAMILY = "1,2";
				TEST_HOST = "$(BUILT_PRODUCTS_DIR)/TheCoffeeShop.app/$(BUNDLE_EXECUTABLE_FOLDER_PATH)/TheCoffeeShop";
			};
			name = Release;
		};
		B5455AEF2CA6622D004FE7D4 /* Debug */ = {
			isa = XCBuildConfiguration;
			buildSettings = {
				ALWAYS_EMBED_SWIFT_STANDARD_LIBRARIES = YES;
				CODE_SIGN_STYLE = Automatic;
				CURRENT_PROJECT_VERSION = 1;
				DEVELOPMENT_TEAM = QLN3ZX6RKM;
				GENERATE_INFOPLIST_FILE = YES;
				MARKETING_VERSION = 1.0;
				PRODUCT_BUNDLE_IDENTIFIER = com.bachng.TheCoffeeShopUITests;
				PRODUCT_NAME = "$(TARGET_NAME)";
				SWIFT_EMIT_LOC_STRINGS = NO;
				SWIFT_VERSION = 5.0;
				TARGETED_DEVICE_FAMILY = "1,2";
				TEST_TARGET_NAME = TheCoffeeShop;
			};
			name = Debug;
		};
		B5455AF02CA6622D004FE7D4 /* Release */ = {
			isa = XCBuildConfiguration;
			buildSettings = {
				ALWAYS_EMBED_SWIFT_STANDARD_LIBRARIES = YES;
				CODE_SIGN_STYLE = Automatic;
				CURRENT_PROJECT_VERSION = 1;
				DEVELOPMENT_TEAM = QLN3ZX6RKM;
				GENERATE_INFOPLIST_FILE = YES;
				MARKETING_VERSION = 1.0;
				PRODUCT_BUNDLE_IDENTIFIER = com.bachng.TheCoffeeShopUITests;
				PRODUCT_NAME = "$(TARGET_NAME)";
				SWIFT_EMIT_LOC_STRINGS = NO;
				SWIFT_VERSION = 5.0;
				TARGETED_DEVICE_FAMILY = "1,2";
				TEST_TARGET_NAME = TheCoffeeShop;
			};
			name = Release;
		};
/* End XCBuildConfiguration section */

/* Begin XCConfigurationList section */
		B5455ABF2CA6622B004FE7D4 /* Build configuration list for PBXProject "TheCoffeeShop" */ = {
			isa = XCConfigurationList;
			buildConfigurations = (
				B5455AE62CA6622D004FE7D4 /* Debug */,
				B5455AE72CA6622D004FE7D4 /* Release */,
			);
			defaultConfigurationIsVisible = 0;
			defaultConfigurationName = Release;
		};
		B5455AE82CA6622D004FE7D4 /* Build configuration list for PBXNativeTarget "TheCoffeeShop" */ = {
			isa = XCConfigurationList;
			buildConfigurations = (
				B5455AE92CA6622D004FE7D4 /* Debug */,
				B5455AEA2CA6622D004FE7D4 /* Release */,
			);
			defaultConfigurationIsVisible = 0;
			defaultConfigurationName = Release;
		};
		B5455AEB2CA6622D004FE7D4 /* Build configuration list for PBXNativeTarget "TheCoffeeShopTests" */ = {
			isa = XCConfigurationList;
			buildConfigurations = (
				B5455AEC2CA6622D004FE7D4 /* Debug */,
				B5455AED2CA6622D004FE7D4 /* Release */,
			);
			defaultConfigurationIsVisible = 0;
			defaultConfigurationName = Release;
		};
		B5455AEE2CA6622D004FE7D4 /* Build configuration list for PBXNativeTarget "TheCoffeeShopUITests" */ = {
			isa = XCConfigurationList;
			buildConfigurations = (
				B5455AEF2CA6622D004FE7D4 /* Debug */,
				B5455AF02CA6622D004FE7D4 /* Release */,
			);
			defaultConfigurationIsVisible = 0;
			defaultConfigurationName = Release;
		};
/* End XCConfigurationList section */
	};
	rootObject = B5455ABC2CA6622B004FE7D4 /* Project object */;
}
